
Microsoft Visual Studio Solution File, Format Version 12.00
# Visual Studio Version 16
VisualStudioVersion = 16.0.30011.22
MinimumVisualStudioVersion = 10.0.40219.1
Project("{9A19103F-16F7-4668-BE54-9A1E7A4F7556}") = "01.SecretChat", "OneMoreFinalExam\01.SecretChat.csproj", "{2926C9AC-BEFD-4B11-A039-6FB7ABC79EFB}"
EndProject
Project("{FAE04EC0-301F-11D3-BF4B-00C04F79EFBC}") = "02.MirrorWords", "02.MirrorWords\02.MirrorWords.csproj", "{F585184B-FDAF-4F03-82A3-A2C6E89E097C}"
EndProject
Global
	GlobalSection(SolutionConfigurationPlatforms) = preSolution
		Debug|Any CPU = Debug|Any CPU
		Release|Any CPU = Release|Any CPU
	EndGlobalSection
	GlobalSection(ProjectConfigurationPlatforms) = postSolution
		{2926C9AC-BEFD-4B11-A039-6FB7ABC79EFB}.Debug|Any CPU.ActiveCfg = Debug|Any CPU
		{2926C9AC-BEFD-4B11-A039-6FB7ABC79EFB}.Debug|Any CPU.Build.0 = Debug|Any CPU
		{2926C9AC-BEFD-4B11-A039-6FB7ABC79EFB}.Release|Any CPU.ActiveCfg = Release|Any CPU
		{2926C9AC-BEFD-4B11-A039-6FB7ABC79EFB}.Release|Any CPU.Build.0 = Release|Any CPU
		{F585184B-FDAF-4F03-82A3-A2C6E89E097C}.Debug|Any CPU.ActiveCfg = Debug|Any CPU
		{F585184B-FDAF-4F03-82A3-A2C6E89E097C}.Debug|Any CPU.Build.0 = Debug|Any CPU
		{F585184B-FDAF-4F03-82A3-A2C6E89E097C}.Release|Any CPU.ActiveCfg = Release|Any CPU
		{F585184B-FDAF-4F03-82A3-A2C6E89E097C}.Release|Any CPU.Build.0 = Release|Any CPU
	EndGlobalSection
	GlobalSection(SolutionProperties) = preSolution
		HideSolutionNode = FALSE
	EndGlobalSection
	GlobalSection(ExtensibilityGlobals) = postSolution
		SolutionGuid = {0065B707-369F-486A-B9FC-E4143C413E79}
	EndGlobalSection
EndGlobal
