
Microsoft Visual Studio Solution File, Format Version 12.00
# Visual Studio 15
VisualStudioVersion = 15.0.28307.539
MinimumVisualStudioVersion = 10.0.40219.1
Project("{FAE04EC0-301F-11D3-BF4B-00C04F79EFBC}") = "01.GDPR", "01.GDPR\01.GDPR.csproj", "{6E983C96-714C-41A1-A21E-B02E00E22765}"
EndProject
Global
	GlobalSection(SolutionConfigurationPlatforms) = preSolution
		Debug|Any CPU = Debug|Any CPU
		Release|Any CPU = Release|Any CPU
	EndGlobalSection
	GlobalSection(ProjectConfigurationPlatforms) = postSolution
		{6E983C96-714C-41A1-A21E-B02E00E22765}.Debug|Any CPU.ActiveCfg = Debug|Any CPU
		{6E983C96-714C-41A1-A21E-B02E00E22765}.Debug|Any CPU.Build.0 = Debug|Any CPU
		{6E983C96-714C-41A1-A21E-B02E00E22765}.Release|Any CPU.ActiveCfg = Release|Any CPU
		{6E983C96-714C-41A1-A21E-B02E00E22765}.Release|Any CPU.Build.0 = Release|Any CPU
	EndGlobalSection
	GlobalSection(SolutionProperties) = preSolution
		HideSolutionNode = FALSE
	EndGlobalSection
	GlobalSection(ExtensibilityGlobals) = postSolution
		SolutionGuid = {3F2139AD-DB40-49B8-AD2A-9D54EC8F3B25}
	EndGlobalSection
EndGlobal
