
Microsoft Visual Studio Solution File, Format Version 12.00
# Visual Studio Version 16
VisualStudioVersion = 16.0.29806.167
MinimumVisualStudioVersion = 10.0.40219.1
Project("{FAE04EC0-301F-11D3-BF4B-00C04F79EFBC}") = "01.StringManipulator-Group2", "PFFinalExam-03August2019Group2\01.StringManipulator-Group2.csproj", "{8A89918A-9F60-470B-B6CF-3F724F1EFE7F}"
EndProject
Project("{FAE04EC0-301F-11D3-BF4B-00C04F79EFBC}") = "02.MessageEncrypter", "02.MessageEncrypter\02.MessageEncrypter.csproj", "{35FB6626-AE26-47FA-A2C6-4645F422A2E0}"
EndProject
Project("{FAE04EC0-301F-11D3-BF4B-00C04F79EFBC}") = "03.BattleManager", "03.BattleManager\03.BattleManager.csproj", "{7AE5C172-CE4C-4C70-B55C-E7E7CA3968C0}"
EndProject
Global
	GlobalSection(SolutionConfigurationPlatforms) = preSolution
		Debug|Any CPU = Debug|Any CPU
		Release|Any CPU = Release|Any CPU
	EndGlobalSection
	GlobalSection(ProjectConfigurationPlatforms) = postSolution
		{8A89918A-9F60-470B-B6CF-3F724F1EFE7F}.Debug|Any CPU.ActiveCfg = Debug|Any CPU
		{8A89918A-9F60-470B-B6CF-3F724F1EFE7F}.Debug|Any CPU.Build.0 = Debug|Any CPU
		{8A89918A-9F60-470B-B6CF-3F724F1EFE7F}.Release|Any CPU.ActiveCfg = Release|Any CPU
		{8A89918A-9F60-470B-B6CF-3F724F1EFE7F}.Release|Any CPU.Build.0 = Release|Any CPU
		{35FB6626-AE26-47FA-A2C6-4645F422A2E0}.Debug|Any CPU.ActiveCfg = Debug|Any CPU
		{35FB6626-AE26-47FA-A2C6-4645F422A2E0}.Debug|Any CPU.Build.0 = Debug|Any CPU
		{35FB6626-AE26-47FA-A2C6-4645F422A2E0}.Release|Any CPU.ActiveCfg = Release|Any CPU
		{35FB6626-AE26-47FA-A2C6-4645F422A2E0}.Release|Any CPU.Build.0 = Release|Any CPU
		{7AE5C172-CE4C-4C70-B55C-E7E7CA3968C0}.Debug|Any CPU.ActiveCfg = Debug|Any CPU
		{7AE5C172-CE4C-4C70-B55C-E7E7CA3968C0}.Debug|Any CPU.Build.0 = Debug|Any CPU
		{7AE5C172-CE4C-4C70-B55C-E7E7CA3968C0}.Release|Any CPU.ActiveCfg = Release|Any CPU
		{7AE5C172-CE4C-4C70-B55C-E7E7CA3968C0}.Release|Any CPU.Build.0 = Release|Any CPU
	EndGlobalSection
	GlobalSection(SolutionProperties) = preSolution
		HideSolutionNode = FALSE
	EndGlobalSection
	GlobalSection(ExtensibilityGlobals) = postSolution
		SolutionGuid = {5F56871F-48E0-4BA3-8278-06477BB53171}
	EndGlobalSection
EndGlobal
