
Microsoft Visual Studio Solution File, Format Version 12.00
# Visual Studio 15
VisualStudioVersion = 15.0.28307.539
MinimumVisualStudioVersion = 10.0.40219.1
Project("{FAE04EC0-301F-11D3-BF4B-00C04F79EFBC}") = "ConsoleApp3", "ConsoleApp3\ConsoleApp3.csproj", "{AE34DFB9-0974-4F37-B13E-01425237CADA}"
EndProject
Global
	GlobalSection(SolutionConfigurationPlatforms) = preSolution
		Debug|Any CPU = Debug|Any CPU
		Release|Any CPU = Release|Any CPU
	EndGlobalSection
	GlobalSection(ProjectConfigurationPlatforms) = postSolution
		{AE34DFB9-0974-4F37-B13E-01425237CADA}.Debug|Any CPU.ActiveCfg = Debug|Any CPU
		{AE34DFB9-0974-4F37-B13E-01425237CADA}.Debug|Any CPU.Build.0 = Debug|Any CPU
		{AE34DFB9-0974-4F37-B13E-01425237CADA}.Release|Any CPU.ActiveCfg = Release|Any CPU
		{AE34DFB9-0974-4F37-B13E-01425237CADA}.Release|Any CPU.Build.0 = Release|Any CPU
	EndGlobalSection
	GlobalSection(SolutionProperties) = preSolution
		HideSolutionNode = FALSE
	EndGlobalSection
	GlobalSection(ExtensibilityGlobals) = postSolution
		SolutionGuid = {1769E23B-1BD5-48D4-8FC2-0E95E11AF5F0}
	EndGlobalSection
EndGlobal
