
Microsoft Visual Studio Solution File, Format Version 12.00
# Visual Studio Version 16
VisualStudioVersion = 16.0.29806.167
MinimumVisualStudioVersion = 10.0.40219.1
Project("{FAE04EC0-301F-11D3-BF4B-00C04F79EFBC}") = "01.NikuldenCharity", "PFFinalExam-07December2019Group2\01.NikuldenCharity.csproj", "{D8B32A2B-BC9C-4F64-8B57-C174CAEB4D92}"
EndProject
Project("{FAE04EC0-301F-11D3-BF4B-00C04F79EFBC}") = "02.MessageTranslator", "02.MessageTranslator\02.MessageTranslator.csproj", "{CA7F5AFD-8E9D-4611-8FD7-8C2D47547DB5}"
EndProject
Project("{FAE04EC0-301F-11D3-BF4B-00C04F79EFBC}") = "03.Nikuldensmeals", "03.Nikuldensmeals\03.Nikuldensmeals.csproj", "{F014EF8C-2201-4489-878A-29A4CF4A0C57}"
EndProject
Global
	GlobalSection(SolutionConfigurationPlatforms) = preSolution
		Debug|Any CPU = Debug|Any CPU
		Release|Any CPU = Release|Any CPU
	EndGlobalSection
	GlobalSection(ProjectConfigurationPlatforms) = postSolution
		{D8B32A2B-BC9C-4F64-8B57-C174CAEB4D92}.Debug|Any CPU.ActiveCfg = Debug|Any CPU
		{D8B32A2B-BC9C-4F64-8B57-C174CAEB4D92}.Debug|Any CPU.Build.0 = Debug|Any CPU
		{D8B32A2B-BC9C-4F64-8B57-C174CAEB4D92}.Release|Any CPU.ActiveCfg = Release|Any CPU
		{D8B32A2B-BC9C-4F64-8B57-C174CAEB4D92}.Release|Any CPU.Build.0 = Release|Any CPU
		{CA7F5AFD-8E9D-4611-8FD7-8C2D47547DB5}.Debug|Any CPU.ActiveCfg = Debug|Any CPU
		{CA7F5AFD-8E9D-4611-8FD7-8C2D47547DB5}.Debug|Any CPU.Build.0 = Debug|Any CPU
		{CA7F5AFD-8E9D-4611-8FD7-8C2D47547DB5}.Release|Any CPU.ActiveCfg = Release|Any CPU
		{CA7F5AFD-8E9D-4611-8FD7-8C2D47547DB5}.Release|Any CPU.Build.0 = Release|Any CPU
		{F014EF8C-2201-4489-878A-29A4CF4A0C57}.Debug|Any CPU.ActiveCfg = Debug|Any CPU
		{F014EF8C-2201-4489-878A-29A4CF4A0C57}.Debug|Any CPU.Build.0 = Debug|Any CPU
		{F014EF8C-2201-4489-878A-29A4CF4A0C57}.Release|Any CPU.ActiveCfg = Release|Any CPU
		{F014EF8C-2201-4489-878A-29A4CF4A0C57}.Release|Any CPU.Build.0 = Release|Any CPU
	EndGlobalSection
	GlobalSection(SolutionProperties) = preSolution
		HideSolutionNode = FALSE
	EndGlobalSection
	GlobalSection(ExtensibilityGlobals) = postSolution
		SolutionGuid = {8F6E7263-3728-4F0A-9F47-0A9166B7D2F9}
	EndGlobalSection
EndGlobal
