
Microsoft Visual Studio Solution File, Format Version 12.00
# Visual Studio 15
VisualStudioVersion = 15.0.28307.539
MinimumVisualStudioVersion = 10.0.40219.1
Project("{9A19103F-16F7-4668-BE54-9A1E7A4F7556}") = "01.Ages", "FundamentalsModule\01.Ages.csproj", "{DEDC9BED-F1BD-49E7-A66E-D2A19A027257}"
EndProject
Project("{9A19103F-16F7-4668-BE54-9A1E7A4F7556}") = "02.Division", "02.Division\02.Division.csproj", "{DD569135-ED43-45A9-B0A7-B0061B223F42}"
EndProject
Project("{9A19103F-16F7-4668-BE54-9A1E7A4F7556}") = "03.Vacation", "03.Vacation\03.Vacation.csproj", "{82FDC287-ECD0-4B57-8E5E-412BBF3AA0D2}"
EndProject
Project("{9A19103F-16F7-4668-BE54-9A1E7A4F7556}") = "04.PrintAndSum", "PrintAndSum\04.PrintAndSum.csproj", "{0BFFDEFB-215C-43F5-96CD-E180A2AD5E85}"
EndProject
Project("{9A19103F-16F7-4668-BE54-9A1E7A4F7556}") = "05.Login", "05.Login\05.Login.csproj", "{7564ABBF-1096-4796-8098-C206B836B2F5}"
EndProject
Project("{9A19103F-16F7-4668-BE54-9A1E7A4F7556}") = "06.StrongNumber", "06. StrongNumber\06.StrongNumber.csproj", "{6561B556-21B4-4D77-8B75-F272F5584DA8}"
EndProject
Project("{9A19103F-16F7-4668-BE54-9A1E7A4F7556}") = "07.StrongNumber2", "07.StrongNumber2\07.StrongNumber2.csproj", "{C1689C42-79AB-49F9-9C5E-A2D65381299F}"
EndProject
Project("{9A19103F-16F7-4668-BE54-9A1E7A4F7556}") = "08.VendingMachine", "08.VendingMachine\08.VendingMachine.csproj", "{15704DCD-B658-4884-888C-E11735B13C7B}"
EndProject
Project("{9A19103F-16F7-4668-BE54-9A1E7A4F7556}") = "FanyasVendingMachine", "FanyasVendingMachine\FanyasVendingMachine.csproj", "{A7C1C999-518C-4D83-BE7B-9103F6A3CAE8}"
EndProject
Project("{9A19103F-16F7-4668-BE54-9A1E7A4F7556}") = "VendingMachine2", "VendingMachine2\VendingMachine2.csproj", "{03FF24DB-BE94-427F-A4CC-4035A015875E}"
EndProject
Project("{FAE04EC0-301F-11D3-BF4B-00C04F79EFBC}") = "09.TriangleOfNumbers", "09.TriangleOfNumbers\09.TriangleOfNumbers.csproj", "{093FF88B-1141-48AB-97A6-694B42E23B58}"
EndProject
Project("{FAE04EC0-301F-11D3-BF4B-00C04F79EFBC}") = "10.PadawanEquipment", "10.PadawanEquipment\10.PadawanEquipment.csproj", "{062C1AF4-6901-470B-BC98-7B23A2A7B6BC}"
EndProject
Project("{FAE04EC0-301F-11D3-BF4B-00C04F79EFBC}") = "11.RageExpenses", "11.RageExpenses\11.RageExpenses.csproj", "{6FC96939-5EE1-4390-986F-A8D5330CA9FB}"
EndProject
Global
	GlobalSection(SolutionConfigurationPlatforms) = preSolution
		Debug|Any CPU = Debug|Any CPU
		Release|Any CPU = Release|Any CPU
	EndGlobalSection
	GlobalSection(ProjectConfigurationPlatforms) = postSolution
		{DEDC9BED-F1BD-49E7-A66E-D2A19A027257}.Debug|Any CPU.ActiveCfg = Debug|Any CPU
		{DEDC9BED-F1BD-49E7-A66E-D2A19A027257}.Debug|Any CPU.Build.0 = Debug|Any CPU
		{DEDC9BED-F1BD-49E7-A66E-D2A19A027257}.Release|Any CPU.ActiveCfg = Release|Any CPU
		{DEDC9BED-F1BD-49E7-A66E-D2A19A027257}.Release|Any CPU.Build.0 = Release|Any CPU
		{DD569135-ED43-45A9-B0A7-B0061B223F42}.Debug|Any CPU.ActiveCfg = Debug|Any CPU
		{DD569135-ED43-45A9-B0A7-B0061B223F42}.Debug|Any CPU.Build.0 = Debug|Any CPU
		{DD569135-ED43-45A9-B0A7-B0061B223F42}.Release|Any CPU.ActiveCfg = Release|Any CPU
		{DD569135-ED43-45A9-B0A7-B0061B223F42}.Release|Any CPU.Build.0 = Release|Any CPU
		{82FDC287-ECD0-4B57-8E5E-412BBF3AA0D2}.Debug|Any CPU.ActiveCfg = Debug|Any CPU
		{82FDC287-ECD0-4B57-8E5E-412BBF3AA0D2}.Debug|Any CPU.Build.0 = Debug|Any CPU
		{82FDC287-ECD0-4B57-8E5E-412BBF3AA0D2}.Release|Any CPU.ActiveCfg = Release|Any CPU
		{82FDC287-ECD0-4B57-8E5E-412BBF3AA0D2}.Release|Any CPU.Build.0 = Release|Any CPU
		{0BFFDEFB-215C-43F5-96CD-E180A2AD5E85}.Debug|Any CPU.ActiveCfg = Debug|Any CPU
		{0BFFDEFB-215C-43F5-96CD-E180A2AD5E85}.Debug|Any CPU.Build.0 = Debug|Any CPU
		{0BFFDEFB-215C-43F5-96CD-E180A2AD5E85}.Release|Any CPU.ActiveCfg = Release|Any CPU
		{0BFFDEFB-215C-43F5-96CD-E180A2AD5E85}.Release|Any CPU.Build.0 = Release|Any CPU
		{7564ABBF-1096-4796-8098-C206B836B2F5}.Debug|Any CPU.ActiveCfg = Debug|Any CPU
		{7564ABBF-1096-4796-8098-C206B836B2F5}.Debug|Any CPU.Build.0 = Debug|Any CPU
		{7564ABBF-1096-4796-8098-C206B836B2F5}.Release|Any CPU.ActiveCfg = Release|Any CPU
		{7564ABBF-1096-4796-8098-C206B836B2F5}.Release|Any CPU.Build.0 = Release|Any CPU
		{6561B556-21B4-4D77-8B75-F272F5584DA8}.Debug|Any CPU.ActiveCfg = Debug|Any CPU
		{6561B556-21B4-4D77-8B75-F272F5584DA8}.Debug|Any CPU.Build.0 = Debug|Any CPU
		{6561B556-21B4-4D77-8B75-F272F5584DA8}.Release|Any CPU.ActiveCfg = Release|Any CPU
		{6561B556-21B4-4D77-8B75-F272F5584DA8}.Release|Any CPU.Build.0 = Release|Any CPU
		{C1689C42-79AB-49F9-9C5E-A2D65381299F}.Debug|Any CPU.ActiveCfg = Debug|Any CPU
		{C1689C42-79AB-49F9-9C5E-A2D65381299F}.Debug|Any CPU.Build.0 = Debug|Any CPU
		{C1689C42-79AB-49F9-9C5E-A2D65381299F}.Release|Any CPU.ActiveCfg = Release|Any CPU
		{C1689C42-79AB-49F9-9C5E-A2D65381299F}.Release|Any CPU.Build.0 = Release|Any CPU
		{15704DCD-B658-4884-888C-E11735B13C7B}.Debug|Any CPU.ActiveCfg = Debug|Any CPU
		{15704DCD-B658-4884-888C-E11735B13C7B}.Debug|Any CPU.Build.0 = Debug|Any CPU
		{15704DCD-B658-4884-888C-E11735B13C7B}.Release|Any CPU.ActiveCfg = Release|Any CPU
		{15704DCD-B658-4884-888C-E11735B13C7B}.Release|Any CPU.Build.0 = Release|Any CPU
		{A7C1C999-518C-4D83-BE7B-9103F6A3CAE8}.Debug|Any CPU.ActiveCfg = Debug|Any CPU
		{A7C1C999-518C-4D83-BE7B-9103F6A3CAE8}.Debug|Any CPU.Build.0 = Debug|Any CPU
		{A7C1C999-518C-4D83-BE7B-9103F6A3CAE8}.Release|Any CPU.ActiveCfg = Release|Any CPU
		{A7C1C999-518C-4D83-BE7B-9103F6A3CAE8}.Release|Any CPU.Build.0 = Release|Any CPU
		{03FF24DB-BE94-427F-A4CC-4035A015875E}.Debug|Any CPU.ActiveCfg = Debug|Any CPU
		{03FF24DB-BE94-427F-A4CC-4035A015875E}.Debug|Any CPU.Build.0 = Debug|Any CPU
		{03FF24DB-BE94-427F-A4CC-4035A015875E}.Release|Any CPU.ActiveCfg = Release|Any CPU
		{03FF24DB-BE94-427F-A4CC-4035A015875E}.Release|Any CPU.Build.0 = Release|Any CPU
		{093FF88B-1141-48AB-97A6-694B42E23B58}.Debug|Any CPU.ActiveCfg = Debug|Any CPU
		{093FF88B-1141-48AB-97A6-694B42E23B58}.Debug|Any CPU.Build.0 = Debug|Any CPU
		{093FF88B-1141-48AB-97A6-694B42E23B58}.Release|Any CPU.ActiveCfg = Release|Any CPU
		{093FF88B-1141-48AB-97A6-694B42E23B58}.Release|Any CPU.Build.0 = Release|Any CPU
		{062C1AF4-6901-470B-BC98-7B23A2A7B6BC}.Debug|Any CPU.ActiveCfg = Debug|Any CPU
		{062C1AF4-6901-470B-BC98-7B23A2A7B6BC}.Debug|Any CPU.Build.0 = Debug|Any CPU
		{062C1AF4-6901-470B-BC98-7B23A2A7B6BC}.Release|Any CPU.ActiveCfg = Release|Any CPU
		{062C1AF4-6901-470B-BC98-7B23A2A7B6BC}.Release|Any CPU.Build.0 = Release|Any CPU
		{6FC96939-5EE1-4390-986F-A8D5330CA9FB}.Debug|Any CPU.ActiveCfg = Debug|Any CPU
		{6FC96939-5EE1-4390-986F-A8D5330CA9FB}.Debug|Any CPU.Build.0 = Debug|Any CPU
		{6FC96939-5EE1-4390-986F-A8D5330CA9FB}.Release|Any CPU.ActiveCfg = Release|Any CPU
		{6FC96939-5EE1-4390-986F-A8D5330CA9FB}.Release|Any CPU.Build.0 = Release|Any CPU
	EndGlobalSection
	GlobalSection(SolutionProperties) = preSolution
		HideSolutionNode = FALSE
	EndGlobalSection
	GlobalSection(ExtensibilityGlobals) = postSolution
		SolutionGuid = {37FCCA7D-13E3-430A-B559-2B6DD59E41BB}
	EndGlobalSection
EndGlobal
